
Microsoft Visual Studio Solution File, Format Version 12.00
# Visual Studio Version 17
VisualStudioVersion = 17.13.35825.156
MinimumVisualStudioVersion = 10.0.40219.1
Project("{FAE04EC0-301F-11D3-BF4B-00C04F79EFBC}") = "LeetCodeSolutions", "RankedMechanicsTimeToComplete\LeetCodeSolutions.csproj", "{35D82553-8729-4CD4-AA37-E75C21BD9859}"
EndProject
Project("{FAE04EC0-301F-11D3-BF4B-00C04F79EFBC}") = "LeetCodeSolutions.Tests", "TestProjects\LeetCodeSolutions.Tests.csproj", "{128F2950-A505-4375-AFDE-009CB608A2EB}"
EndProject
Global
	GlobalSection(SolutionConfigurationPlatforms) = preSolution
		Debug|Any CPU = Debug|Any CPU
		Release|Any CPU = Release|Any CPU
	EndGlobalSection
	GlobalSection(ProjectConfigurationPlatforms) = postSolution
		{35D82553-8729-4CD4-AA37-E75C21BD9859}.Debug|Any CPU.ActiveCfg = Debug|Any CPU
		{35D82553-8729-4CD4-AA37-E75C21BD9859}.Debug|Any CPU.Build.0 = Debug|Any CPU
		{35D82553-8729-4CD4-AA37-E75C21BD9859}.Release|Any CPU.ActiveCfg = Release|Any CPU
		{35D82553-8729-4CD4-AA37-E75C21BD9859}.Release|Any CPU.Build.0 = Release|Any CPU
		{128F2950-A505-4375-AFDE-009CB608A2EB}.Debug|Any CPU.ActiveCfg = Debug|Any CPU
		{128F2950-A505-4375-AFDE-009CB608A2EB}.Debug|Any CPU.Build.0 = Debug|Any CPU
		{128F2950-A505-4375-AFDE-009CB608A2EB}.Release|Any CPU.ActiveCfg = Release|Any CPU
		{128F2950-A505-4375-AFDE-009CB608A2EB}.Release|Any CPU.Build.0 = Release|Any CPU
	EndGlobalSection
	GlobalSection(SolutionProperties) = preSolution
		HideSolutionNode = FALSE
	EndGlobalSection
	GlobalSection(ExtensibilityGlobals) = postSolution
		SolutionGuid = {4702BAA9-F1EE-4259-8EE0-B7ED30A17D79}
	EndGlobalSection
EndGlobal
